
Microsoft Visual Studio Solution File, Format Version 12.00
# Visual Studio Version 17
VisualStudioVersion = 17.4.33213.308
MinimumVisualStudioVersion = 10.0.40219.1
Project("{FAE04EC0-301F-11D3-BF4B-00C04F79EFBC}") = "LoginApplication", "LoginApplication.csproj", "{30613818-088E-49E9-A990-54014A24D464}"
EndProject
Global
	GlobalSection(SolutionConfigurationPlatforms) = preSolution
		Debug|Any CPU = Debug|Any CPU
		Release|Any CPU = Release|Any CPU
	EndGlobalSection
	GlobalSection(ProjectConfigurationPlatforms) = postSolution
		{30613818-088E-49E9-A990-54014A24D464}.Debug|Any CPU.ActiveCfg = Debug|Any CPU
		{30613818-088E-49E9-A990-54014A24D464}.Debug|Any CPU.Build.0 = Debug|Any CPU
		{30613818-088E-49E9-A990-54014A24D464}.Release|Any CPU.ActiveCfg = Release|Any CPU
		{30613818-088E-49E9-A990-54014A24D464}.Release|Any CPU.Build.0 = Release|Any CPU
	EndGlobalSection
	GlobalSection(SolutionProperties) = preSolution
		HideSolutionNode = FALSE
	EndGlobalSection
	GlobalSection(ExtensibilityGlobals) = postSolution
		SolutionGuid = {6B5F7CD9-1646-483F-A5DC-08EBE61C3E09}
	EndGlobalSection
EndGlobal
